# This file is automatically @generated by Cargo.
# It is not intended for manual editing.
version = 3

[[package]]
name = "cli"
version = "0.1.0"

[[package]]
name = "convert"
version = "0.1.0"

[[package]]
name = "expression"
version = "0.1.0"
dependencies = [
 "token",
]

[[package]]
name = "parser"
version = "0.1.0"

[[package]]
name = "scanner"
version = "0.1.0"
dependencies = [
 "convert",
 "token",
]

[[package]]
name = "token"
version = "0.1.0"
dependencies = [
 "convert",
]
